
Microsoft Visual Studio Solution File, Format Version 12.00
# Visual Studio 15
VisualStudioVersion = 15.0.27703.2042
MinimumVisualStudioVersion = 10.0.40219.1
Project("{8BC9CEB8-8B4A-11D0-8D11-00A0C91BC942}") = "Breakout", "Breakout\Breakout.vcxproj", "{AEFFD204-CA6C-4F24-B978-57EE73905CEE}"
EndProject
Global
	GlobalSection(SolutionConfigurationPlatforms) = preSolution
		Debug|x64 = Debug|x64
		Debug|x86 = Debug|x86
		Release|x64 = Release|x64
		Release|x86 = Release|x86
	EndGlobalSection
	GlobalSection(ProjectConfigurationPlatforms) = postSolution
		{AEFFD204-CA6C-4F24-B978-57EE73905CEE}.Debug|x64.ActiveCfg = Debug|x64
		{AEFFD204-CA6C-4F24-B978-57EE73905CEE}.Debug|x64.Build.0 = Debug|x64
		{AEFFD204-CA6C-4F24-B978-57EE73905CEE}.Debug|x86.ActiveCfg = Debug|Win32
		{AEFFD204-CA6C-4F24-B978-57EE73905CEE}.Debug|x86.Build.0 = Debug|Win32
		{AEFFD204-CA6C-4F24-B978-57EE73905CEE}.Release|x64.ActiveCfg = Release|x64
		{AEFFD204-CA6C-4F24-B978-57EE73905CEE}.Release|x64.Build.0 = Release|x64
		{AEFFD204-CA6C-4F24-B978-57EE73905CEE}.Release|x86.ActiveCfg = Release|Win32
		{AEFFD204-CA6C-4F24-B978-57EE73905CEE}.Release|x86.Build.0 = Release|Win32
	EndGlobalSection
	GlobalSection(SolutionProperties) = preSolution
		HideSolutionNode = FALSE
	EndGlobalSection
	GlobalSection(ExtensibilityGlobals) = postSolution
		SolutionGuid = {EA9FE67E-4A58-421A-A7B4-D13AE1B89382}
	EndGlobalSection
EndGlobal
